// !$*UTF8*$!
{
	archiveVersion = 1;
	classes = {
	};
	objectVersion = 46;
	objects = {

/* Begin PBXBuildFile section */
		47130D9A1E6BE76F00442FA4 /* RegisterViewController.m in Sources */ = {isa = PBXBuildFile; fileRef = 47130D991E6BE76F00442FA4 /* RegisterViewController.m */; };
		473BA05C1E6EAE7D00AE2196 /* AllUtils.m in Sources */ = {isa = PBXBuildFile; fileRef = 473BA05B1E6EAE7D00AE2196 /* AllUtils.m */; };
		4753B11F1E7927300067FC04 /* HomeViewController.m in Sources */ = {isa = PBXBuildFile; fileRef = 4753B11E1E7927300067FC04 /* HomeViewController.m */; };
		4753B1221E7927D50067FC04 /* NoteViewController.m in Sources */ = {isa = PBXBuildFile; fileRef = 4753B1211E7927D50067FC04 /* NoteViewController.m */; };
		4753B1251E792E190067FC04 /* MyViewController.m in Sources */ = {isa = PBXBuildFile; fileRef = 4753B1241E792E190067FC04 /* MyViewController.m */; };
		47AE87AA1E7147E7001C206C /* RegisterViewController2.m in Sources */ = {isa = PBXBuildFile; fileRef = 47AE87A91E7147E7001C206C /* RegisterViewController2.m */; };
		47AE87B01E7175ED001C206C /* ForgetPWViewController.m in Sources */ = {isa = PBXBuildFile; fileRef = 47AE87AF1E7175ED001C206C /* ForgetPWViewController.m */; };
		47D2E3961E6BB84B00EE57A7 /* main.m in Sources */ = {isa = PBXBuildFile; fileRef = 47D2E3951E6BB84B00EE57A7 /* main.m */; };
		47D2E3991E6BB84B00EE57A7 /* AppDelegate.m in Sources */ = {isa = PBXBuildFile; fileRef = 47D2E3981E6BB84B00EE57A7 /* AppDelegate.m */; };
		47D2E39C1E6BB84B00EE57A7 /* LoginViewController.m in Sources */ = {isa = PBXBuildFile; fileRef = 47D2E39B1E6BB84B00EE57A7 /* LoginViewController.m */; };
		47D2E39F1E6BB84B00EE57A7 /* Main.storyboard in Resources */ = {isa = PBXBuildFile; fileRef = 47D2E39D1E6BB84B00EE57A7 /* Main.storyboard */; };
		47D2E3A11E6BB84B00EE57A7 /* Assets.xcassets in Resources */ = {isa = PBXBuildFile; fileRef = 47D2E3A01E6BB84B00EE57A7 /* Assets.xcassets */; };
		47D2E3A41E6BB84B00EE57A7 /* LaunchScreen.storyboard in Resources */ = {isa = PBXBuildFile; fileRef = 47D2E3A21E6BB84B00EE57A7 /* LaunchScreen.storyboard */; };
		47D2E3AF1E6BB84B00EE57A7 /* JournalTests.m in Sources */ = {isa = PBXBuildFile; fileRef = 47D2E3AE1E6BB84B00EE57A7 /* JournalTests.m */; };
		47D2E3BA1E6BB84B00EE57A7 /* JournalUITests.m in Sources */ = {isa = PBXBuildFile; fileRef = 47D2E3B91E6BB84B00EE57A7 /* JournalUITests.m */; };
		47E1926E1E7AC6AB003F5933 /* AddNoteViewController.m in Sources */ = {isa = PBXBuildFile; fileRef = 47E1926D1E7AC6AB003F5933 /* AddNoteViewController.m */; };
		8489FA2600CAB4B28CF5C99B /* libPods-Journal.a in Frameworks */ = {isa = PBXBuildFile; fileRef = 79CF3F0C01A1CA74A9D30CB0 /* libPods-Journal.a */; };
/* End PBXBuildFile section */

/* Begin PBXContainerItemProxy section */
		47D2E3AB1E6BB84B00EE57A7 /* PBXContainerItemProxy */ = {
			isa = PBXContainerItemProxy;
			containerPortal = 47D2E3891E6BB84B00EE57A7 /* Project object */;
			proxyType = 1;
			remoteGlobalIDString = 47D2E3901E6BB84B00EE57A7;
			remoteInfo = Journal;
		};
		47D2E3B61E6BB84B00EE57A7 /* PBXContainerItemProxy */ = {
			isa = PBXContainerItemProxy;
			containerPortal = 47D2E3891E6BB84B00EE57A7 /* Project object */;
			proxyType = 1;
			remoteGlobalIDString = 47D2E3901E6BB84B00EE57A7;
			remoteInfo = Journal;
		};
/* End PBXContainerItemProxy section */

/* Begin PBXFileReference section */
		47130D981E6BE76F00442FA4 /* RegisterViewController.h */ = {isa = PBXFileReference; fileEncoding = 4; lastKnownFileType = sourcecode.c.h; path = RegisterViewController.h; sourceTree = "<group>"; };
		47130D991E6BE76F00442FA4 /* RegisterViewController.m */ = {isa = PBXFileReference; fileEncoding = 4; lastKnownFileType = sourcecode.c.objc; path = RegisterViewController.m; sourceTree = "<group>"; };
		473BA05A1E6EAE7D00AE2196 /* AllUtils.h */ = {isa = PBXFileReference; fileEncoding = 4; lastKnownFileType = sourcecode.c.h; path = AllUtils.h; sourceTree = "<group>"; };
		473BA05B1E6EAE7D00AE2196 /* AllUtils.m */ = {isa = PBXFileReference; fileEncoding = 4; lastKnownFileType = sourcecode.c.objc; path = AllUtils.m; sourceTree = "<group>"; };
		4753B11D1E7927300067FC04 /* HomeViewController.h */ = {isa = PBXFileReference; fileEncoding = 4; lastKnownFileType = sourcecode.c.h; path = HomeViewController.h; sourceTree = "<group>"; };
		4753B11E1E7927300067FC04 /* HomeViewController.m */ = {isa = PBXFileReference; fileEncoding = 4; lastKnownFileType = sourcecode.c.objc; path = HomeViewController.m; sourceTree = "<group>"; };
		4753B1201E7927D50067FC04 /* NoteViewController.h */ = {isa = PBXFileReference; fileEncoding = 4; lastKnownFileType = sourcecode.c.h; path = NoteViewController.h; sourceTree = "<group>"; };
		4753B1211E7927D50067FC04 /* NoteViewController.m */ = {isa = PBXFileReference; fileEncoding = 4; lastKnownFileType = sourcecode.c.objc; path = NoteViewController.m; sourceTree = "<group>"; };
		4753B1231E792E190067FC04 /* MyViewController.h */ = {isa = PBXFileReference; fileEncoding = 4; lastKnownFileType = sourcecode.c.h; path = MyViewController.h; sourceTree = "<group>"; };
		4753B1241E792E190067FC04 /* MyViewController.m */ = {isa = PBXFileReference; fileEncoding = 4; lastKnownFileType = sourcecode.c.objc; path = MyViewController.m; sourceTree = "<group>"; };
		47AE87A81E7147E7001C206C /* RegisterViewController2.h */ = {isa = PBXFileReference; fileEncoding = 4; lastKnownFileType = sourcecode.c.h; path = RegisterViewController2.h; sourceTree = "<group>"; };
		47AE87A91E7147E7001C206C /* RegisterViewController2.m */ = {isa = PBXFileReference; fileEncoding = 4; lastKnownFileType = sourcecode.c.objc; path = RegisterViewController2.m; sourceTree = "<group>"; };
		47AE87AE1E7175ED001C206C /* ForgetPWViewController.h */ = {isa = PBXFileReference; fileEncoding = 4; lastKnownFileType = sourcecode.c.h; path = ForgetPWViewController.h; sourceTree = "<group>"; };
		47AE87AF1E7175ED001C206C /* ForgetPWViewController.m */ = {isa = PBXFileReference; fileEncoding = 4; lastKnownFileType = sourcecode.c.objc; path = ForgetPWViewController.m; sourceTree = "<group>"; };
		47D2E3911E6BB84B00EE57A7 /* Journal.app */ = {isa = PBXFileReference; explicitFileType = wrapper.application; includeInIndex = 0; path = Journal.app; sourceTree = BUILT_PRODUCTS_DIR; };
		47D2E3951E6BB84B00EE57A7 /* main.m */ = {isa = PBXFileReference; lastKnownFileType = sourcecode.c.objc; path = main.m; sourceTree = "<group>"; };
		47D2E3971E6BB84B00EE57A7 /* AppDelegate.h */ = {isa = PBXFileReference; lastKnownFileType = sourcecode.c.h; path = AppDelegate.h; sourceTree = "<group>"; };
		47D2E3981E6BB84B00EE57A7 /* AppDelegate.m */ = {isa = PBXFileReference; lastKnownFileType = sourcecode.c.objc; path = AppDelegate.m; sourceTree = "<group>"; };
		47D2E39A1E6BB84B00EE57A7 /* LoginViewController.h */ = {isa = PBXFileReference; lastKnownFileType = sourcecode.c.h; path = LoginViewController.h; sourceTree = "<group>"; };
		47D2E39B1E6BB84B00EE57A7 /* LoginViewController.m */ = {isa = PBXFileReference; lastKnownFileType = sourcecode.c.objc; path = LoginViewController.m; sourceTree = "<group>"; };
		47D2E39E1E6BB84B00EE57A7 /* Base */ = {isa = PBXFileReference; lastKnownFileType = file.storyboard; name = Base; path = Base.lproj/Main.storyboard; sourceTree = "<group>"; };
		47D2E3A01E6BB84B00EE57A7 /* Assets.xcassets */ = {isa = PBXFileReference; lastKnownFileType = folder.assetcatalog; path = Assets.xcassets; sourceTree = "<group>"; };
		47D2E3A31E6BB84B00EE57A7 /* Base */ = {isa = PBXFileReference; lastKnownFileType = file.storyboard; name = Base; path = Base.lproj/LaunchScreen.storyboard; sourceTree = "<group>"; };
		47D2E3A51E6BB84B00EE57A7 /* Info.plist */ = {isa = PBXFileReference; lastKnownFileType = text.plist.xml; path = Info.plist; sourceTree = "<group>"; };
		47D2E3AA1E6BB84B00EE57A7 /* JournalTests.xctest */ = {isa = PBXFileReference; explicitFileType = wrapper.cfbundle; includeInIndex = 0; path = JournalTests.xctest; sourceTree = BUILT_PRODUCTS_DIR; };
		47D2E3AE1E6BB84B00EE57A7 /* JournalTests.m */ = {isa = PBXFileReference; lastKnownFileType = sourcecode.c.objc; path = JournalTests.m; sourceTree = "<group>"; };
		47D2E3B01E6BB84B00EE57A7 /* Info.plist */ = {isa = PBXFileReference; lastKnownFileType = text.plist.xml; path = Info.plist; sourceTree = "<group>"; };
		47D2E3B51E6BB84B00EE57A7 /* JournalUITests.xctest */ = {isa = PBXFileReference; explicitFileType = wrapper.cfbundle; includeInIndex = 0; path = JournalUITests.xctest; sourceTree = BUILT_PRODUCTS_DIR; };
		47D2E3B91E6BB84B00EE57A7 /* JournalUITests.m */ = {isa = PBXFileReference; lastKnownFileType = sourcecode.c.objc; path = JournalUITests.m; sourceTree = "<group>"; };
		47D2E3BB1E6BB84B00EE57A7 /* Info.plist */ = {isa = PBXFileReference; lastKnownFileType = text.plist.xml; path = Info.plist; sourceTree = "<group>"; };
		47E1926C1E7AC6AB003F5933 /* AddNoteViewController.h */ = {isa = PBXFileReference; fileEncoding = 4; lastKnownFileType = sourcecode.c.h; path = AddNoteViewController.h; sourceTree = "<group>"; };
		47E1926D1E7AC6AB003F5933 /* AddNoteViewController.m */ = {isa = PBXFileReference; fileEncoding = 4; lastKnownFileType = sourcecode.c.objc; path = AddNoteViewController.m; sourceTree = "<group>"; };
		53C9ED1E895591A490E94E3E /* Pods-Journal.debug.xcconfig */ = {isa = PBXFileReference; includeInIndex = 1; lastKnownFileType = text.xcconfig; name = "Pods-Journal.debug.xcconfig"; path = "Pods/Target Support Files/Pods-Journal/Pods-Journal.debug.xcconfig"; sourceTree = "<group>"; };
		79CF3F0C01A1CA74A9D30CB0 /* libPods-Journal.a */ = {isa = PBXFileReference; explicitFileType = archive.ar; includeInIndex = 0; path = "libPods-Journal.a"; sourceTree = BUILT_PRODUCTS_DIR; };
		906D5B5B50FA27CD0FC6E8FD /* Pods-Journal.release.xcconfig */ = {isa = PBXFileReference; includeInIndex = 1; lastKnownFileType = text.xcconfig; name = "Pods-Journal.release.xcconfig"; path = "Pods/Target Support Files/Pods-Journal/Pods-Journal.release.xcconfig"; sourceTree = "<group>"; };
/* End PBXFileReference section */

/* Begin PBXFrameworksBuildPhase section */
		47D2E38E1E6BB84B00EE57A7 /* Frameworks */ = {
			isa = PBXFrameworksBuildPhase;
			buildActionMask = 2147483647;
			files = (
				8489FA2600CAB4B28CF5C99B /* libPods-Journal.a in Frameworks */,
			);
			runOnlyForDeploymentPostprocessing = 0;
		};
		47D2E3A71E6BB84B00EE57A7 /* Frameworks */ = {
			isa = PBXFrameworksBuildPhase;
			buildActionMask = 2147483647;
			files = (
			);
			runOnlyForDeploymentPostprocessing = 0;
		};
		47D2E3B21E6BB84B00EE57A7 /* Frameworks */ = {
			isa = PBXFrameworksBuildPhase;
			buildActionMask = 2147483647;
			files = (
			);
			runOnlyForDeploymentPostprocessing = 0;
		};
/* End PBXFrameworksBuildPhase section */

/* Begin PBXGroup section */
		47130D971E6BE60400442FA4 /* ViewController */ = {
			isa = PBXGroup;
			children = (
				47D2E39A1E6BB84B00EE57A7 /* LoginViewController.h */,
				47D2E39B1E6BB84B00EE57A7 /* LoginViewController.m */,
				47130D981E6BE76F00442FA4 /* RegisterViewController.h */,
				47130D991E6BE76F00442FA4 /* RegisterViewController.m */,
				47AE87A81E7147E7001C206C /* RegisterViewController2.h */,
				47AE87A91E7147E7001C206C /* RegisterViewController2.m */,
				47AE87AE1E7175ED001C206C /* ForgetPWViewController.h */,
				47AE87AF1E7175ED001C206C /* ForgetPWViewController.m */,
				4753B11D1E7927300067FC04 /* HomeViewController.h */,
				4753B11E1E7927300067FC04 /* HomeViewController.m */,
				4753B1201E7927D50067FC04 /* NoteViewController.h */,
				4753B1211E7927D50067FC04 /* NoteViewController.m */,
				4753B1231E792E190067FC04 /* MyViewController.h */,
				4753B1241E792E190067FC04 /* MyViewController.m */,
				47E1926C1E7AC6AB003F5933 /* AddNoteViewController.h */,
				47E1926D1E7AC6AB003F5933 /* AddNoteViewController.m */,
			);
			name = ViewController;
			sourceTree = "<group>";
		};
		471363031E6D529600E91C2A /* View */ = {
			isa = PBXGroup;
			children = (
				47D2E39D1E6BB84B00EE57A7 /* Main.storyboard */,
				47D2E3A21E6BB84B00EE57A7 /* LaunchScreen.storyboard */,
			);
			name = View;
			sourceTree = "<group>";
		};
		473BA0591E6EAE6500AE2196 /* Utils */ = {
			isa = PBXGroup;
			children = (
				473BA05A1E6EAE7D00AE2196 /* AllUtils.h */,
				473BA05B1E6EAE7D00AE2196 /* AllUtils.m */,
			);
			name = Utils;
			sourceTree = "<group>";
		};
		4781D6201E7B8B56009A5E12 /* Model */ = {
			isa = PBXGroup;
			children = (
			);
			name = Model;
			sourceTree = "<group>";
		};
		47D2E3881E6BB84B00EE57A7 = {
			isa = PBXGroup;
			children = (
				47D2E3931E6BB84B00EE57A7 /* Journal */,
				47D2E3AD1E6BB84B00EE57A7 /* JournalTests */,
				47D2E3B81E6BB84B00EE57A7 /* JournalUITests */,
				47D2E3921E6BB84B00EE57A7 /* Products */,
				6E82F87DED4EAFAAD0B65304 /* Pods */,
				9A80E3A84FF37FE713803227 /* Frameworks */,
			);
			sourceTree = "<group>";
		};
		47D2E3921E6BB84B00EE57A7 /* Products */ = {
			isa = PBXGroup;
			children = (
				47D2E3911E6BB84B00EE57A7 /* Journal.app */,
				47D2E3AA1E6BB84B00EE57A7 /* JournalTests.xctest */,
				47D2E3B51E6BB84B00EE57A7 /* JournalUITests.xctest */,
			);
			name = Products;
			sourceTree = "<group>";
		};
		47D2E3931E6BB84B00EE57A7 /* Journal */ = {
			isa = PBXGroup;
			children = (
				4781D6201E7B8B56009A5E12 /* Model */,
				473BA0591E6EAE6500AE2196 /* Utils */,
				471363031E6D529600E91C2A /* View */,
				47130D971E6BE60400442FA4 /* ViewController */,
				47D2E3941E6BB84B00EE57A7 /* Supporting Files */,
			);
			path = Journal;
			sourceTree = "<group>";
		};
		47D2E3941E6BB84B00EE57A7 /* Supporting Files */ = {
			isa = PBXGroup;
			children = (
				47D2E3971E6BB84B00EE57A7 /* AppDelegate.h */,
				47D2E3981E6BB84B00EE57A7 /* AppDelegate.m */,
				47D2E3A01E6BB84B00EE57A7 /* Assets.xcassets */,
				47D2E3A51E6BB84B00EE57A7 /* Info.plist */,
				47D2E3951E6BB84B00EE57A7 /* main.m */,
			);
			name = "Supporting Files";
			sourceTree = "<group>";
		};
		47D2E3AD1E6BB84B00EE57A7 /* JournalTests */ = {
			isa = PBXGroup;
			children = (
				47D2E3AE1E6BB84B00EE57A7 /* JournalTests.m */,
				47D2E3B01E6BB84B00EE57A7 /* Info.plist */,
			);
			path = JournalTests;
			sourceTree = "<group>";
		};
		47D2E3B81E6BB84B00EE57A7 /* JournalUITests */ = {
			isa = PBXGroup;
			children = (
				47D2E3B91E6BB84B00EE57A7 /* JournalUITests.m */,
				47D2E3BB1E6BB84B00EE57A7 /* Info.plist */,
			);
			path = JournalUITests;
			sourceTree = "<group>";
		};
		6E82F87DED4EAFAAD0B65304 /* Pods */ = {
			isa = PBXGroup;
			children = (
				53C9ED1E895591A490E94E3E /* Pods-Journal.debug.xcconfig */,
				906D5B5B50FA27CD0FC6E8FD /* Pods-Journal.release.xcconfig */,
			);
			name = Pods;
			sourceTree = "<group>";
		};
		9A80E3A84FF37FE713803227 /* Frameworks */ = {
			isa = PBXGroup;
			children = (
				79CF3F0C01A1CA74A9D30CB0 /* libPods-Journal.a */,
			);
			name = Frameworks;
			sourceTree = "<group>";
		};
/* End PBXGroup section */

/* Begin PBXNativeTarget section */
		47D2E3901E6BB84B00EE57A7 /* Journal */ = {
			isa = PBXNativeTarget;
			buildConfigurationList = 47D2E3BE1E6BB84B00EE57A7 /* Build configuration list for PBXNativeTarget "Journal" */;
			buildPhases = (
				41BA198EDB955200F8BA7D1D /* [CP] Check Pods Manifest.lock */,
				47D2E38D1E6BB84B00EE57A7 /* Sources */,
				47D2E38E1E6BB84B00EE57A7 /* Frameworks */,
				47D2E38F1E6BB84B00EE57A7 /* Resources */,
				71C1137F2C36F453FEDC7E5C /* [CP] Embed Pods Frameworks */,
				B731356A6CE8A36475C3F8D3 /* [CP] Copy Pods Resources */,
			);
			buildRules = (
			);
			dependencies = (
			);
			name = Journal;
			productName = Journal;
			productReference = 47D2E3911E6BB84B00EE57A7 /* Journal.app */;
			productType = "com.apple.product-type.application";
		};
		47D2E3A91E6BB84B00EE57A7 /* JournalTests */ = {
			isa = PBXNativeTarget;
			buildConfigurationList = 47D2E3C11E6BB84B00EE57A7 /* Build configuration list for PBXNativeTarget "JournalTests" */;
			buildPhases = (
				47D2E3A61E6BB84B00EE57A7 /* Sources */,
				47D2E3A71E6BB84B00EE57A7 /* Frameworks */,
				47D2E3A81E6BB84B00EE57A7 /* Resources */,
			);
			buildRules = (
			);
			dependencies = (
				47D2E3AC1E6BB84B00EE57A7 /* PBXTargetDependency */,
			);
			name = JournalTests;
			productName = JournalTests;
			productReference = 47D2E3AA1E6BB84B00EE57A7 /* JournalTests.xctest */;
			productType = "com.apple.product-type.bundle.unit-test";
		};
		47D2E3B41E6BB84B00EE57A7 /* JournalUITests */ = {
			isa = PBXNativeTarget;
			buildConfigurationList = 47D2E3C41E6BB84B00EE57A7 /* Build configuration list for PBXNativeTarget "JournalUITests" */;
			buildPhases = (
				47D2E3B11E6BB84B00EE57A7 /* Sources */,
				47D2E3B21E6BB84B00EE57A7 /* Frameworks */,
				47D2E3B31E6BB84B00EE57A7 /* Resources */,
			);
			buildRules = (
			);
			dependencies = (
				47D2E3B71E6BB84B00EE57A7 /* PBXTargetDependency */,
			);
			name = JournalUITests;
			productName = JournalUITests;
			productReference = 47D2E3B51E6BB84B00EE57A7 /* JournalUITests.xctest */;
			productType = "com.apple.product-type.bundle.ui-testing";
		};
/* End PBXNativeTarget section */

/* Begin PBXProject section */
		47D2E3891E6BB84B00EE57A7 /* Project object */ = {
			isa = PBXProject;
			attributes = {
				LastUpgradeCheck = 0820;
				ORGANIZATIONNAME = cailihang;
				TargetAttributes = {
					47D2E3901E6BB84B00EE57A7 = {
						CreatedOnToolsVersion = 8.2.1;
						DevelopmentTeam = CP7G558BQ8;
						ProvisioningStyle = Automatic;
					};
					47D2E3A91E6BB84B00EE57A7 = {
						CreatedOnToolsVersion = 8.2.1;
						DevelopmentTeam = CP7G558BQ8;
						ProvisioningStyle = Automatic;
						TestTargetID = 47D2E3901E6BB84B00EE57A7;
					};
					47D2E3B41E6BB84B00EE57A7 = {
						CreatedOnToolsVersion = 8.2.1;
						DevelopmentTeam = CP7G558BQ8;
						ProvisioningStyle = Automatic;
						TestTargetID = 47D2E3901E6BB84B00EE57A7;
					};
				};
			};
			buildConfigurationList = 47D2E38C1E6BB84B00EE57A7 /* Build configuration list for PBXProject "Journal" */;
			compatibilityVersion = "Xcode 3.2";
			developmentRegion = English;
			hasScannedForEncodings = 0;
			knownRegions = (
				en,
				Base,
			);
			mainGroup = 47D2E3881E6BB84B00EE57A7;
			productRefGroup = 47D2E3921E6BB84B00EE57A7 /* Products */;
			projectDirPath = "";
			projectRoot = "";
			targets = (
				47D2E3901E6BB84B00EE57A7 /* Journal */,
				47D2E3A91E6BB84B00EE57A7 /* JournalTests */,
				47D2E3B41E6BB84B00EE57A7 /* JournalUITests */,
			);
		};
/* End PBXProject section */

/* Begin PBXResourcesBuildPhase section */
		47D2E38F1E6BB84B00EE57A7 /* Resources */ = {
			isa = PBXResourcesBuildPhase;
			buildActionMask = 2147483647;
			files = (
				47D2E3A41E6BB84B00EE57A7 /* LaunchScreen.storyboard in Resources */,
				47D2E3A11E6BB84B00EE57A7 /* Assets.xcassets in Resources */,
				47D2E39F1E6BB84B00EE57A7 /* Main.storyboard in Resources */,
			);
			runOnlyForDeploymentPostprocessing = 0;
		};
		47D2E3A81E6BB84B00EE57A7 /* Resources */ = {
			isa = PBXResourcesBuildPhase;
			buildActionMask = 2147483647;
			files = (
			);
			runOnlyForDeploymentPostprocessing = 0;
		};
		47D2E3B31E6BB84B00EE57A7 /* Resources */ = {
			isa = PBXResourcesBuildPhase;
			buildActionMask = 2147483647;
			files = (
			);
			runOnlyForDeploymentPostprocessing = 0;
		};
/* End PBXResourcesBuildPhase section */

/* Begin PBXShellScriptBuildPhase section */
		41BA198EDB955200F8BA7D1D /* [CP] Check Pods Manifest.lock */ = {
			isa = PBXShellScriptBuildPhase;
			buildActionMask = 2147483647;
			files = (
			);
			inputPaths = (
			);
			name = "[CP] Check Pods Manifest.lock";
			outputPaths = (
			);
			runOnlyForDeploymentPostprocessing = 0;
			shellPath = /bin/sh;
			shellScript = "diff \"${PODS_ROOT}/../Podfile.lock\" \"${PODS_ROOT}/Manifest.lock\" > /dev/null\nif [ $? != 0 ] ; then\n    # print error to STDERR\n    echo \"error: The sandbox is not in sync with the Podfile.lock. Run 'pod install' or update your CocoaPods installation.\" >&2\n    exit 1\nfi\n";
			showEnvVarsInLog = 0;
		};
		71C1137F2C36F453FEDC7E5C /* [CP] Embed Pods Frameworks */ = {
			isa = PBXShellScriptBuildPhase;
			buildActionMask = 2147483647;
			files = (
			);
			inputPaths = (
			);
			name = "[CP] Embed Pods Frameworks";
			outputPaths = (
			);
			runOnlyForDeploymentPostprocessing = 0;
			shellPath = /bin/sh;
			shellScript = "\"${SRCROOT}/Pods/Target Support Files/Pods-Journal/Pods-Journal-frameworks.sh\"\n";
			showEnvVarsInLog = 0;
		};
		B731356A6CE8A36475C3F8D3 /* [CP] Copy Pods Resources */ = {
			isa = PBXShellScriptBuildPhase;
			buildActionMask = 2147483647;
			files = (
			);
			inputPaths = (
			);
			name = "[CP] Copy Pods Resources";
			outputPaths = (
			);
			runOnlyForDeploymentPostprocessing = 0;
			shellPath = /bin/sh;
			shellScript = "\"${SRCROOT}/Pods/Target Support Files/Pods-Journal/Pods-Journal-resources.sh\"\n";
			showEnvVarsInLog = 0;
		};
/* End PBXShellScriptBuildPhase section */

/* Begin PBXSourcesBuildPhase section */
		47D2E38D1E6BB84B00EE57A7 /* Sources */ = {
			isa = PBXSourcesBuildPhase;
			buildActionMask = 2147483647;
			files = (
				47AE87B01E7175ED001C206C /* ForgetPWViewController.m in Sources */,
				47AE87AA1E7147E7001C206C /* RegisterViewController2.m in Sources */,
				47E1926E1E7AC6AB003F5933 /* AddNoteViewController.m in Sources */,
				47D2E39C1E6BB84B00EE57A7 /* LoginViewController.m in Sources */,
				47D2E3991E6BB84B00EE57A7 /* AppDelegate.m in Sources */,
				4753B1251E792E190067FC04 /* MyViewController.m in Sources */,
				47130D9A1E6BE76F00442FA4 /* RegisterViewController.m in Sources */,
				473BA05C1E6EAE7D00AE2196 /* AllUtils.m in Sources */,
				47D2E3961E6BB84B00EE57A7 /* main.m in Sources */,
				4753B1221E7927D50067FC04 /* NoteViewController.m in Sources */,
				4753B11F1E7927300067FC04 /* HomeViewController.m in Sources */,
			);
			runOnlyForDeploymentPostprocessing = 0;
		};
		47D2E3A61E6BB84B00EE57A7 /* Sources */ = {
			isa = PBXSourcesBuildPhase;
			buildActionMask = 2147483647;
			files = (
				47D2E3AF1E6BB84B00EE57A7 /* JournalTests.m in Sources */,
			);
			runOnlyForDeploymentPostprocessing = 0;
		};
		47D2E3B11E6BB84B00EE57A7 /* Sources */ = {
			isa = PBXSourcesBuildPhase;
			buildActionMask = 2147483647;
			files = (
				47D2E3BA1E6BB84B00EE57A7 /* JournalUITests.m in Sources */,
			);
			runOnlyForDeploymentPostprocessing = 0;
		};
/* End PBXSourcesBuildPhase section */

/* Begin PBXTargetDependency section */
		47D2E3AC1E6BB84B00EE57A7 /* PBXTargetDependency */ = {
			isa = PBXTargetDependency;
			target = 47D2E3901E6BB84B00EE57A7 /* Journal */;
			targetProxy = 47D2E3AB1E6BB84B00EE57A7 /* PBXContainerItemProxy */;
		};
		47D2E3B71E6BB84B00EE57A7 /* PBXTargetDependency */ = {
			isa = PBXTargetDependency;
			target = 47D2E3901E6BB84B00EE57A7 /* Journal */;
			targetProxy = 47D2E3B61E6BB84B00EE57A7 /* PBXContainerItemProxy */;
		};
/* End PBXTargetDependency section */

/* Begin PBXVariantGroup section */
		47D2E39D1E6BB84B00EE57A7 /* Main.storyboard */ = {
			isa = PBXVariantGroup;
			children = (
				47D2E39E1E6BB84B00EE57A7 /* Base */,
			);
			name = Main.storyboard;
			sourceTree = "<group>";
		};
		47D2E3A21E6BB84B00EE57A7 /* LaunchScreen.storyboard */ = {
			isa = PBXVariantGroup;
			children = (
				47D2E3A31E6BB84B00EE57A7 /* Base */,
			);
			name = LaunchScreen.storyboard;
			sourceTree = "<group>";
		};
/* End PBXVariantGroup section */

/* Begin XCBuildConfiguration section */
		47D2E3BC1E6BB84B00EE57A7 /* Debug */ = {
			isa = XCBuildConfiguration;
			buildSettings = {
				ALWAYS_SEARCH_USER_PATHS = NO;
				CLANG_ANALYZER_NONNULL = YES;
				CLANG_CXX_LANGUAGE_STANDARD = "gnu++0x";
				CLANG_CXX_LIBRARY = "libc++";
				CLANG_ENABLE_MODULES = YES;
				CLANG_ENABLE_OBJC_ARC = YES;
				CLANG_WARN_BOOL_CONVERSION = YES;
				CLANG_WARN_CONSTANT_CONVERSION = YES;
				CLANG_WARN_DIRECT_OBJC_ISA_USAGE = YES_ERROR;
				CLANG_WARN_DOCUMENTATION_COMMENTS = YES;
				CLANG_WARN_EMPTY_BODY = YES;
				CLANG_WARN_ENUM_CONVERSION = YES;
				CLANG_WARN_INFINITE_RECURSION = YES;
				CLANG_WARN_INT_CONVERSION = YES;
				CLANG_WARN_OBJC_ROOT_CLASS = YES_ERROR;
				CLANG_WARN_SUSPICIOUS_MOVE = YES;
				CLANG_WARN_UNREACHABLE_CODE = YES;
				CLANG_WARN__DUPLICATE_METHOD_MATCH = YES;
				"CODE_SIGN_IDENTITY[sdk=iphoneos*]" = "iPhone Developer";
				COPY_PHASE_STRIP = NO;
				DEBUG_INFORMATION_FORMAT = dwarf;
				ENABLE_STRICT_OBJC_MSGSEND = YES;
				ENABLE_TESTABILITY = YES;
				GCC_C_LANGUAGE_STANDARD = gnu99;
				GCC_DYNAMIC_NO_PIC = NO;
				GCC_NO_COMMON_BLOCKS = YES;
				GCC_OPTIMIZATION_LEVEL = 0;
				GCC_PREPROCESSOR_DEFINITIONS = (
					"DEBUG=1",
					"$(inherited)",
				);
				GCC_WARN_64_TO_32_BIT_CONVERSION = YES;
				GCC_WARN_ABOUT_RETURN_TYPE = YES_ERROR;
				GCC_WARN_UNDECLARED_SELECTOR = YES;
				GCC_WARN_UNINITIALIZED_AUTOS = YES_AGGRESSIVE;
				GCC_WARN_UNUSED_FUNCTION = YES;
				GCC_WARN_UNUSED_VARIABLE = YES;
				IPHONEOS_DEPLOYMENT_TARGET = 10.2;
				MTL_ENABLE_DEBUG_INFO = YES;
				ONLY_ACTIVE_ARCH = YES;
				SDKROOT = iphoneos;
			};
			name = Debug;
		};
		47D2E3BD1E6BB84B00EE57A7 /* Release */ = {
			isa = XCBuildConfiguration;
			buildSettings = {
				ALWAYS_SEARCH_USER_PATHS = NO;
				CLANG_ANALYZER_NONNULL = YES;
				CLANG_CXX_LANGUAGE_STANDARD = "gnu++0x";
				CLANG_CXX_LIBRARY = "libc++";
				CLANG_ENABLE_MODULES = YES;
				CLANG_ENABLE_OBJC_ARC = YES;
				CLANG_WARN_BOOL_CONVERSION = YES;
				CLANG_WARN_CONSTANT_CONVERSION = YES;
				CLANG_WARN_DIRECT_OBJC_ISA_USAGE = YES_ERROR;
				CLANG_WARN_DOCUMENTATION_COMMENTS = YES;
				CLANG_WARN_EMPTY_BODY = YES;
				CLANG_WARN_ENUM_CONVERSION = YES;
				CLANG_WARN_INFINITE_RECURSION = YES;
				CLANG_WARN_INT_CONVERSION = YES;
				CLANG_WARN_OBJC_ROOT_CLASS = YES_ERROR;
				CLANG_WARN_SUSPICIOUS_MOVE = YES;
				CLANG_WARN_UNREACHABLE_CODE = YES;
				CLANG_WARN__DUPLICATE_METHOD_MATCH = YES;
				"CODE_SIGN_IDENTITY[sdk=iphoneos*]" = "iPhone Developer";
				COPY_PHASE_STRIP = NO;
				DEBUG_INFORMATION_FORMAT = "dwarf-with-dsym";
				ENABLE_NS_ASSERTIONS = NO;
				ENABLE_STRICT_OBJC_MSGSEND = YES;
				GCC_C_LANGUAGE_STANDARD = gnu99;
				GCC_NO_COMMON_BLOCKS = YES;
				GCC_WARN_64_TO_32_BIT_CONVERSION = YES;
				GCC_WARN_ABOUT_RETURN_TYPE = YES_ERROR;
				GCC_WARN_UNDECLARED_SELECTOR = YES;
				GCC_WARN_UNINITIALIZED_AUTOS = YES_AGGRESSIVE;
				GCC_WARN_UNUSED_FUNCTION = YES;
				GCC_WARN_UNUSED_VARIABLE = YES;
				IPHONEOS_DEPLOYMENT_TARGET = 10.2;
				MTL_ENABLE_DEBUG_INFO = NO;
				SDKROOT = iphoneos;
				VALIDATE_PRODUCT = YES;
			};
			name = Release;
		};
		47D2E3BF1E6BB84B00EE57A7 /* Debug */ = {
			isa = XCBuildConfiguration;
			baseConfigurationReference = 53C9ED1E895591A490E94E3E /* Pods-Journal.debug.xcconfig */;
			buildSettings = {
				ASSETCATALOG_COMPILER_APPICON_NAME = AppIcon;
				DEVELOPMENT_TEAM = CP7G558BQ8;
				FRAMEWORK_SEARCH_PATHS = (
					"$(inherited)",
					"$(PROJECT_DIR)/Journal",
				);
				INFOPLIST_FILE = Journal/Info.plist;
				LD_RUNPATH_SEARCH_PATHS = "$(inherited) @executable_path/Frameworks";
				PRODUCT_BUNDLE_IDENTIFIER = com.CLH.Journal;
				PRODUCT_NAME = "$(TARGET_NAME)";
			};
			name = Debug;
		};
		47D2E3C01E6BB84B00EE57A7 /* Release */ = {
			isa = XCBuildConfiguration;
			baseConfigurationReference = 906D5B5B50FA27CD0FC6E8FD /* Pods-Journal.release.xcconfig */;
			buildSettings = {
				ASSETCATALOG_COMPILER_APPICON_NAME = AppIcon;
				DEVELOPMENT_TEAM = CP7G558BQ8;
				FRAMEWORK_SEARCH_PATHS = (
					"$(inherited)",
					"$(PROJECT_DIR)/Journal",
				);
				INFOPLIST_FILE = Journal/Info.plist;
				LD_RUNPATH_SEARCH_PATHS = "$(inherited) @executable_path/Frameworks";
				PRODUCT_BUNDLE_IDENTIFIER = com.CLH.Journal;
				PRODUCT_NAME = "$(TARGET_NAME)";
			};
			name = Release;
		};
		47D2E3C21E6BB84B00EE57A7 /* Debug */ = {
			isa = XCBuildConfiguration;
			buildSettings = {
				BUNDLE_LOADER = "$(TEST_HOST)";
				DEVELOPMENT_TEAM = CP7G558BQ8;
				INFOPLIST_FILE = JournalTests/Info.plist;
				LD_RUNPATH_SEARCH_PATHS = "$(inherited) @executable_path/Frameworks @loader_path/Frameworks";
				PRODUCT_BUNDLE_IDENTIFIER = com.CLH.JournalTests;
				PRODUCT_NAME = "$(TARGET_NAME)";
				TEST_HOST = "$(BUILT_PRODUCTS_DIR)/Journal.app/Journal";
			};
			name = Debug;
		};
		47D2E3C31E6BB84B00EE57A7 /* Release */ = {
			isa = XCBuildConfiguration;
			buildSettings = {
				BUNDLE_LOADER = "$(TEST_HOST)";
				DEVELOPMENT_TEAM = CP7G558BQ8;
				INFOPLIST_FILE = JournalTests/Info.plist;
				LD_RUNPATH_SEARCH_PATHS = "$(inherited) @executable_path/Frameworks @loader_path/Frameworks";
				PRODUCT_BUNDLE_IDENTIFIER = com.CLH.JournalTests;
				PRODUCT_NAME = "$(TARGET_NAME)";
				TEST_HOST = "$(BUILT_PRODUCTS_DIR)/Journal.app/Journal";
			};
			name = Release;
		};
		47D2E3C51E6BB84B00EE57A7 /* Debug */ = {
			isa = XCBuildConfiguration;
			buildSettings = {
				DEVELOPMENT_TEAM = CP7G558BQ8;
				INFOPLIST_FILE = JournalUITests/Info.plist;
				LD_RUNPATH_SEARCH_PATHS = "$(inherited) @executable_path/Frameworks @loader_path/Frameworks";
				PRODUCT_BUNDLE_IDENTIFIER = com.CLH.JournalUITests;
				PRODUCT_NAME = "$(TARGET_NAME)";
				TEST_TARGET_NAME = Journal;
			};
			name = Debug;
		};
		47D2E3C61E6BB84B00EE57A7 /* Release */ = {
			isa = XCBuildConfiguration;
			buildSettings = {
				DEVELOPMENT_TEAM = CP7G558BQ8;
				INFOPLIST_FILE = JournalUITests/Info.plist;
				LD_RUNPATH_SEARCH_PATHS = "$(inherited) @executable_path/Frameworks @loader_path/Frameworks";
				PRODUCT_BUNDLE_IDENTIFIER = com.CLH.JournalUITests;
				PRODUCT_NAME = "$(TARGET_NAME)";
				TEST_TARGET_NAME = Journal;
			};
			name = Release;
		};
/* End XCBuildConfiguration section */

/* Begin XCConfigurationList section */
		47D2E38C1E6BB84B00EE57A7 /* Build configuration list for PBXProject "Journal" */ = {
			isa = XCConfigurationList;
			buildConfigurations = (
				47D2E3BC1E6BB84B00EE57A7 /* Debug */,
				47D2E3BD1E6BB84B00EE57A7 /* Release */,
			);
			defaultConfigurationIsVisible = 0;
			defaultConfigurationName = Release;
		};
		47D2E3BE1E6BB84B00EE57A7 /* Build configuration list for PBXNativeTarget "Journal" */ = {
			isa = XCConfigurationList;
			buildConfigurations = (
				47D2E3BF1E6BB84B00EE57A7 /* Debug */,
				47D2E3C01E6BB84B00EE57A7 /* Release */,
			);
			defaultConfigurationIsVisible = 0;
			defaultConfigurationName = Release;
		};
		47D2E3C11E6BB84B00EE57A7 /* Build configuration list for PBXNativeTarget "JournalTests" */ = {
			isa = XCConfigurationList;
			buildConfigurations = (
				47D2E3C21E6BB84B00EE57A7 /* Debug */,
				47D2E3C31E6BB84B00EE57A7 /* Release */,
			);
			defaultConfigurationIsVisible = 0;
			defaultConfigurationName = Release;
		};
		47D2E3C41E6BB84B00EE57A7 /* Build configuration list for PBXNativeTarget "JournalUITests" */ = {
			isa = XCConfigurationList;
			buildConfigurations = (
				47D2E3C51E6BB84B00EE57A7 /* Debug */,
				47D2E3C61E6BB84B00EE57A7 /* Release */,
			);
			defaultConfigurationIsVisible = 0;
			defaultConfigurationName = Release;
		};
/* End XCConfigurationList section */
	};
	rootObject = 47D2E3891E6BB84B00EE57A7 /* Project object */;
}
